# This file is automatically @generated by Cargo.
# It is not intended for manual editing.
version = 3

[[package]]
name = "beryllium"
version = "0.2.1"
source = "registry+https://github.com/rust-lang/crates.io-index"
checksum = "d6306aa54919177d3aa288314dbcceab70fef2b043c8957b29a99820804a64f8"
dependencies = [
 "fermium",
 "objc",
]

[[package]]
name = "bytemuck"
version = "1.9.1"
source = "registry+https://github.com/rust-lang/crates.io-index"
checksum = "cdead85bdec19c194affaeeb670c0e41fe23de31459efd1c174d049269cf02cc"

[[package]]
name = "chlorine"
version = "1.0.10"
source = "registry+https://github.com/rust-lang/crates.io-index"
checksum = "75476fe966a8af7c0ceae2a3e514afa87d4451741fcdfab8bfaa07ad301842ec"

[[package]]
name = "fermium"
version = "0.1.4"
source = "registry+https://github.com/rust-lang/crates.io-index"
checksum = "e0db7d98893b18bff24e14593a05ff0dccba8cc6ed795dce5623213acffda87d"
dependencies = [
 "libc",
]

[[package]]
name = "gl33"
version = "0.2.1"
source = "registry+https://github.com/rust-lang/crates.io-index"
checksum = "29b2b7ada5ed872363f5d27e54e7cae69148cb5e4d05aa3cac1a40c30519bda3"
dependencies = [
 "chlorine",
]

[[package]]
name = "imagine"
version = "0.0.5"
source = "registry+https://github.com/rust-lang/crates.io-index"
checksum = "b66f20ef575a7087eed611a0d4ff4bd624d24bf9c63b4d614d2d8823090af75b"
dependencies = [
 "bytemuck",
]

[[package]]
name = "libc"
version = "0.2.122"
source = "registry+https://github.com/rust-lang/crates.io-index"
checksum = "ec647867e2bf0772e28c8bcde4f0d19a9216916e890543b5a03ed8ef27b8f259"

[[package]]
name = "malloc_buf"
version = "0.0.6"
source = "registry+https://github.com/rust-lang/crates.io-index"
checksum = "62bb907fe88d54d8d9ce32a3cceab4218ed2f6b7d35617cafe9adf84e43919cb"
dependencies = [
 "libc",
]

[[package]]
name = "notal"
version = "0.1.0"
dependencies = [
 "beryllium",
 "gl33",
 "imagine",
]

[[package]]
name = "objc"
version = "0.2.7"
source = "registry+https://github.com/rust-lang/crates.io-index"
checksum = "915b1b472bc21c53464d6c8461c9d3af805ba1ef837e1cac254428f4a77177b1"
dependencies = [
 "malloc_buf",
]
